
Microsoft Visual Studio Solution File, Format Version 12.00
# Visual Studio Version 17
VisualStudioVersion = 17.7.34031.279
MinimumVisualStudioVersion = 10.0.40219.1
Project("{9A19103F-16F7-4668-BE54-9A1E7A4F7556}") = "SelfBalancingRobot.WebUI", "SelfBalancingRobot.WebUI\SelfBalancingRobot.WebUI.csproj", "{215C2DE3-C855-4A8B-9479-24BB4B6CA498}"
EndProject
Global
	GlobalSection(SolutionConfigurationPlatforms) = preSolution
		Debug|Any CPU = Debug|Any CPU
		Release|Any CPU = Release|Any CPU
	EndGlobalSection
	GlobalSection(ProjectConfigurationPlatforms) = postSolution
		{215C2DE3-C855-4A8B-9479-24BB4B6CA498}.Debug|Any CPU.ActiveCfg = Debug|Any CPU
		{215C2DE3-C855-4A8B-9479-24BB4B6CA498}.Debug|Any CPU.Build.0 = Debug|Any CPU
		{215C2DE3-C855-4A8B-9479-24BB4B6CA498}.Release|Any CPU.ActiveCfg = Release|Any CPU
		{215C2DE3-C855-4A8B-9479-24BB4B6CA498}.Release|Any CPU.Build.0 = Release|Any CPU
	EndGlobalSection
	GlobalSection(SolutionProperties) = preSolution
		HideSolutionNode = FALSE
	EndGlobalSection
	GlobalSection(ExtensibilityGlobals) = postSolution
		SolutionGuid = {B3B6EA69-EC15-479B-88F8-5B2880787B02}
	EndGlobalSection
EndGlobal
